
Microsoft Visual Studio Solution File, Format Version 12.00
# Visual Studio Version 17
VisualStudioVersion = 17.8.34408.163
MinimumVisualStudioVersion = 10.0.40219.1
Project("{9A19103F-16F7-4668-BE54-9A1E7A4F7556}") = "Products", "Products.csproj", "{36F8A4DE-A934-4FF5-8E93-ED0C5F7F790E}"
	ProjectSection(ProjectDependencies) = postProject
		{E03DD526-9C88-4380-AFCE-EE0E04A69E6E} = {E03DD526-9C88-4380-AFCE-EE0E04A69E6E}
		{F424C719-212B-4364-A3F2-4B444411EE30} = {F424C719-212B-4364-A3F2-4B444411EE30}
	EndProjectSection
EndProject
Project("{9A19103F-16F7-4668-BE54-9A1E7A4F7556}") = "Products.Infrastructure", "..\Products.Infrastructure\Products.Infrastructure.csproj", "{227D1561-71A6-4BAD-8D3C-830DF71202A9}"
EndProject
Project("{9A19103F-16F7-4668-BE54-9A1E7A4F7556}") = "Products.Domain", "..\Products.Domain\Products.Domain.csproj", "{E03DD526-9C88-4380-AFCE-EE0E04A69E6E}"
EndProject
Project("{9A19103F-16F7-4668-BE54-9A1E7A4F7556}") = "Products.Core", "..\Products.Core\Products.Core.csproj", "{F424C719-212B-4364-A3F2-4B444411EE30}"
	ProjectSection(ProjectDependencies) = postProject
		{E03DD526-9C88-4380-AFCE-EE0E04A69E6E} = {E03DD526-9C88-4380-AFCE-EE0E04A69E6E}
	EndProjectSection
EndProject
Global
	GlobalSection(SolutionConfigurationPlatforms) = preSolution
		Debug|Any CPU = Debug|Any CPU
		Release|Any CPU = Release|Any CPU
	EndGlobalSection
	GlobalSection(ProjectConfigurationPlatforms) = postSolution
		{36F8A4DE-A934-4FF5-8E93-ED0C5F7F790E}.Debug|Any CPU.ActiveCfg = Debug|Any CPU
		{36F8A4DE-A934-4FF5-8E93-ED0C5F7F790E}.Debug|Any CPU.Build.0 = Debug|Any CPU
		{36F8A4DE-A934-4FF5-8E93-ED0C5F7F790E}.Release|Any CPU.ActiveCfg = Release|Any CPU
		{36F8A4DE-A934-4FF5-8E93-ED0C5F7F790E}.Release|Any CPU.Build.0 = Release|Any CPU
		{227D1561-71A6-4BAD-8D3C-830DF71202A9}.Debug|Any CPU.ActiveCfg = Debug|Any CPU
		{227D1561-71A6-4BAD-8D3C-830DF71202A9}.Debug|Any CPU.Build.0 = Debug|Any CPU
		{227D1561-71A6-4BAD-8D3C-830DF71202A9}.Release|Any CPU.ActiveCfg = Release|Any CPU
		{227D1561-71A6-4BAD-8D3C-830DF71202A9}.Release|Any CPU.Build.0 = Release|Any CPU
		{E03DD526-9C88-4380-AFCE-EE0E04A69E6E}.Debug|Any CPU.ActiveCfg = Debug|Any CPU
		{E03DD526-9C88-4380-AFCE-EE0E04A69E6E}.Debug|Any CPU.Build.0 = Debug|Any CPU
		{E03DD526-9C88-4380-AFCE-EE0E04A69E6E}.Release|Any CPU.ActiveCfg = Release|Any CPU
		{E03DD526-9C88-4380-AFCE-EE0E04A69E6E}.Release|Any CPU.Build.0 = Release|Any CPU
		{F424C719-212B-4364-A3F2-4B444411EE30}.Debug|Any CPU.ActiveCfg = Debug|Any CPU
		{F424C719-212B-4364-A3F2-4B444411EE30}.Debug|Any CPU.Build.0 = Debug|Any CPU
		{F424C719-212B-4364-A3F2-4B444411EE30}.Release|Any CPU.ActiveCfg = Release|Any CPU
		{F424C719-212B-4364-A3F2-4B444411EE30}.Release|Any CPU.Build.0 = Release|Any CPU
	EndGlobalSection
	GlobalSection(SolutionProperties) = preSolution
		HideSolutionNode = FALSE
	EndGlobalSection
	GlobalSection(ExtensibilityGlobals) = postSolution
		SolutionGuid = {BDD2BF59-94BE-4BF9-B474-0B91EA533140}
	EndGlobalSection
EndGlobal
